{
  "name": "webpack-practive",
  "version": "1.0.0",
  "lockfileVersion": 1,
  "requires": true,
  "dependencies": {
    "@babel/polyfill": {
      "version": "7.10.4",
      "resolved": "http://10.116.18.70:8081/content/groups/npm-quantex-group/@babel/polyfill/-/polyfill-7.10.4.tgz",
      "integrity": "sha1-kV5b/mFJCsAZkAjjXKnX0VGo5Fo=",
      "requires": {
        "core-js": "^2.6.5",
        "regenerator-runtime": "^0.13.4"
      }
    },
    "core-js": {
      "version": "2.6.11",
      "resolved": "http://10.116.18.70:8081/content/groups/npm-quantex-group/core-js/-/core-js-2.6.11.tgz",
      "integrity": "sha1-OIMUafmSK97Y7iHJ3EaYXgOZMIw="
    },
    "regenerator-runtime": {
      "version": "0.13.5",
      "resolved": "http://10.116.18.70:8081/content/groups/npm-quantex-group/regenerator-runtime/-/regenerator-runtime-0.13.5.tgz",
      "integrity": "sha1-2Hih0JS0MG0QuQlkhLM+vVXiZpc="
    }
  }
}
